// !$*UTF8*$!
{
	archiveVersion = 1;
	classes = {
	};
	objectVersion = 46;
	objects = {

/* Begin PBXBuildFile section */
		3280C916EC574C6C44B5D9BF /* Pods_vk6042041.framework in Frameworks */ = {isa = PBXBuildFile; fileRef = 2F0EDC9040E46BB6644BF48F /* Pods_vk6042041.framework */; };
		50349B991F3D6602006D4528 /* SearchCollectionViewController.swift in Sources */ = {isa = PBXBuildFile; fileRef = 50349B981F3D6602006D4528 /* SearchCollectionViewController.swift */; };
		5048721520F84BBE00C70950 /* json_example in Resources */ = {isa = PBXBuildFile; fileRef = 5048721420F84BBE00C70950 /* json_example */; };
		5058F9C21F23579E006F1E3B /* GlobalConstantsForObjCAndSwift.swift in Sources */ = {isa = PBXBuildFile; fileRef = 5058F9BF1F23579E006F1E3B /* GlobalConstantsForObjCAndSwift.swift */; };
		5058F9C31F23579E006F1E3B /* UIViewControllerExtensions.swift in Sources */ = {isa = PBXBuildFile; fileRef = 5058F9C01F23579E006F1E3B /* UIViewControllerExtensions.swift */; };
		5058F9C41F23579E006F1E3B /* VKStartScreenVC.swift in Sources */ = {isa = PBXBuildFile; fileRef = 5058F9C11F23579E006F1E3B /* VKStartScreenVC.swift */; };
		5058F9C61F2357FA006F1E3B /* mainVC.swift in Sources */ = {isa = PBXBuildFile; fileRef = 5058F9C51F2357FA006F1E3B /* mainVC.swift */; };
		505A53E51F2D996000D12323 /* User.swift in Sources */ = {isa = PBXBuildFile; fileRef = 505A53E41F2D996000D12323 /* User.swift */; };
		5065A8B01F26FDCF007B42DC /* ApiCallViewController.swift in Sources */ = {isa = PBXBuildFile; fileRef = 5065A8AF1F26FDCF007B42DC /* ApiCallViewController.swift */; };
		5065A8B41F271057007B42DC /* TestTableTableViewController.swift in Sources */ = {isa = PBXBuildFile; fileRef = 5065A8B31F271057007B42DC /* TestTableTableViewController.swift */; };
		509E41A41F29EA48001BA998 /* ConstantsStruct.swift in Sources */ = {isa = PBXBuildFile; fileRef = 509E41A31F29EA48001BA998 /* ConstantsStruct.swift */; };
		50CBF7441F2342550088CF3D /* AppDelegate.swift in Sources */ = {isa = PBXBuildFile; fileRef = 50CBF7431F2342550088CF3D /* AppDelegate.swift */; };
		50CBF7491F2342550088CF3D /* Main.storyboard in Resources */ = {isa = PBXBuildFile; fileRef = 50CBF7471F2342550088CF3D /* Main.storyboard */; };
		50CBF74B1F2342550088CF3D /* Assets.xcassets in Resources */ = {isa = PBXBuildFile; fileRef = 50CBF74A1F2342550088CF3D /* Assets.xcassets */; };
		50CBF74E1F2342550088CF3D /* LaunchScreen.storyboard in Resources */ = {isa = PBXBuildFile; fileRef = 50CBF74C1F2342550088CF3D /* LaunchScreen.storyboard */; };
		50E097CC1F4ADB1800B05A50 /* FoundUserCollectionViewCell.swift in Sources */ = {isa = PBXBuildFile; fileRef = 50E097CB1F4ADB1800B05A50 /* FoundUserCollectionViewCell.swift */; };
		50E949D120F7475400F18423 /* ImageManager.swift in Sources */ = {isa = PBXBuildFile; fileRef = 50E949D020F7475400F18423 /* ImageManager.swift */; };
		50E949D320F7477A00F18423 /* LazyLoadCollectionViewController.swift in Sources */ = {isa = PBXBuildFile; fileRef = 50E949D220F7477A00F18423 /* LazyLoadCollectionViewController.swift */; };
		50E949D720F74BFA00F18423 /* ImagesAndTextsModel.swift in Sources */ = {isa = PBXBuildFile; fileRef = 50E949D620F74BFA00F18423 /* ImagesAndTextsModel.swift */; };
		50F318191F359CB300F42F2A /* UsersInfo.swift in Sources */ = {isa = PBXBuildFile; fileRef = 50F318181F359CB300F42F2A /* UsersInfo.swift */; };
/* End PBXBuildFile section */

/* Begin PBXFileReference section */
		1B69F39E6691DB4A856375D8 /* Pods-vk6042041.release.xcconfig */ = {isa = PBXFileReference; includeInIndex = 1; lastKnownFileType = text.xcconfig; name = "Pods-vk6042041.release.xcconfig"; path = "Pods/Target Support Files/Pods-vk6042041/Pods-vk6042041.release.xcconfig"; sourceTree = "<group>"; };
		2F0EDC9040E46BB6644BF48F /* Pods_vk6042041.framework */ = {isa = PBXFileReference; explicitFileType = wrapper.framework; includeInIndex = 0; path = Pods_vk6042041.framework; sourceTree = BUILT_PRODUCTS_DIR; };
		4F3B9CF9B776F0A972E70C15 /* Pods-vk6042041.debug.xcconfig */ = {isa = PBXFileReference; includeInIndex = 1; lastKnownFileType = text.xcconfig; name = "Pods-vk6042041.debug.xcconfig"; path = "Pods/Target Support Files/Pods-vk6042041/Pods-vk6042041.debug.xcconfig"; sourceTree = "<group>"; };
		50349B981F3D6602006D4528 /* SearchCollectionViewController.swift */ = {isa = PBXFileReference; fileEncoding = 4; lastKnownFileType = sourcecode.swift; path = SearchCollectionViewController.swift; sourceTree = "<group>"; };
		5048721420F84BBE00C70950 /* json_example */ = {isa = PBXFileReference; lastKnownFileType = text; path = json_example; sourceTree = "<group>"; };
		5058F9BF1F23579E006F1E3B /* GlobalConstantsForObjCAndSwift.swift */ = {isa = PBXFileReference; fileEncoding = 4; lastKnownFileType = sourcecode.swift; path = GlobalConstantsForObjCAndSwift.swift; sourceTree = "<group>"; };
		5058F9C01F23579E006F1E3B /* UIViewControllerExtensions.swift */ = {isa = PBXFileReference; fileEncoding = 4; lastKnownFileType = sourcecode.swift; path = UIViewControllerExtensions.swift; sourceTree = "<group>"; };
		5058F9C11F23579E006F1E3B /* VKStartScreenVC.swift */ = {isa = PBXFileReference; fileEncoding = 4; lastKnownFileType = sourcecode.swift; path = VKStartScreenVC.swift; sourceTree = "<group>"; };
		5058F9C51F2357FA006F1E3B /* mainVC.swift */ = {isa = PBXFileReference; fileEncoding = 4; lastKnownFileType = sourcecode.swift; path = mainVC.swift; sourceTree = "<group>"; };
		505A53E41F2D996000D12323 /* User.swift */ = {isa = PBXFileReference; fileEncoding = 4; lastKnownFileType = sourcecode.swift; path = User.swift; sourceTree = "<group>"; };
		5065A8AF1F26FDCF007B42DC /* ApiCallViewController.swift */ = {isa = PBXFileReference; fileEncoding = 4; lastKnownFileType = sourcecode.swift; path = ApiCallViewController.swift; sourceTree = "<group>"; };
		5065A8B31F271057007B42DC /* TestTableTableViewController.swift */ = {isa = PBXFileReference; fileEncoding = 4; lastKnownFileType = sourcecode.swift; path = TestTableTableViewController.swift; sourceTree = "<group>"; };
		509E41A31F29EA48001BA998 /* ConstantsStruct.swift */ = {isa = PBXFileReference; fileEncoding = 4; lastKnownFileType = sourcecode.swift; path = ConstantsStruct.swift; sourceTree = "<group>"; };
		50CBF7401F2342550088CF3D /* vk6042041.app */ = {isa = PBXFileReference; explicitFileType = wrapper.application; includeInIndex = 0; path = vk6042041.app; sourceTree = BUILT_PRODUCTS_DIR; };
		50CBF7431F2342550088CF3D /* AppDelegate.swift */ = {isa = PBXFileReference; lastKnownFileType = sourcecode.swift; path = AppDelegate.swift; sourceTree = "<group>"; };
		50CBF7481F2342550088CF3D /* Base */ = {isa = PBXFileReference; lastKnownFileType = file.storyboard; name = Base; path = Base.lproj/Main.storyboard; sourceTree = "<group>"; };
		50CBF74A1F2342550088CF3D /* Assets.xcassets */ = {isa = PBXFileReference; lastKnownFileType = folder.assetcatalog; path = Assets.xcassets; sourceTree = "<group>"; };
		50CBF74D1F2342550088CF3D /* Base */ = {isa = PBXFileReference; lastKnownFileType = file.storyboard; name = Base; path = Base.lproj/LaunchScreen.storyboard; sourceTree = "<group>"; };
		50CBF74F1F2342550088CF3D /* Info.plist */ = {isa = PBXFileReference; lastKnownFileType = text.plist.xml; path = Info.plist; sourceTree = "<group>"; };
		50E097CB1F4ADB1800B05A50 /* FoundUserCollectionViewCell.swift */ = {isa = PBXFileReference; fileEncoding = 4; lastKnownFileType = sourcecode.swift; path = FoundUserCollectionViewCell.swift; sourceTree = "<group>"; };
		50E949D020F7475400F18423 /* ImageManager.swift */ = {isa = PBXFileReference; fileEncoding = 4; lastKnownFileType = sourcecode.swift; path = ImageManager.swift; sourceTree = "<group>"; };
		50E949D220F7477A00F18423 /* LazyLoadCollectionViewController.swift */ = {isa = PBXFileReference; fileEncoding = 4; lastKnownFileType = sourcecode.swift; path = LazyLoadCollectionViewController.swift; sourceTree = "<group>"; };
		50E949D620F74BFA00F18423 /* ImagesAndTextsModel.swift */ = {isa = PBXFileReference; fileEncoding = 4; lastKnownFileType = sourcecode.swift; path = ImagesAndTextsModel.swift; sourceTree = "<group>"; };
		50F318181F359CB300F42F2A /* UsersInfo.swift */ = {isa = PBXFileReference; fileEncoding = 4; lastKnownFileType = sourcecode.swift; path = UsersInfo.swift; sourceTree = "<group>"; };
/* End PBXFileReference section */

/* Begin PBXFrameworksBuildPhase section */
		50CBF73D1F2342550088CF3D /* Frameworks */ = {
			isa = PBXFrameworksBuildPhase;
			buildActionMask = 2147483647;
			files = (
				3280C916EC574C6C44B5D9BF /* Pods_vk6042041.framework in Frameworks */,
			);
			runOnlyForDeploymentPostprocessing = 0;
		};
/* End PBXFrameworksBuildPhase section */

/* Begin PBXGroup section */
		2A01FA5F24F1B5A86FFABDF6 /* Pods */ = {
			isa = PBXGroup;
			children = (
				4F3B9CF9B776F0A972E70C15 /* Pods-vk6042041.debug.xcconfig */,
				1B69F39E6691DB4A856375D8 /* Pods-vk6042041.release.xcconfig */,
			);
			name = Pods;
			sourceTree = "<group>";
		};
		5005E1F31F4460EC00831C99 /* Layout */ = {
			isa = PBXGroup;
			children = (
				50E097CB1F4ADB1800B05A50 /* FoundUserCollectionViewCell.swift */,
			);
			name = Layout;
			sourceTree = "<group>";
		};
		50349B9A1F3D6627006D4528 /* Controllers */ = {
			isa = PBXGroup;
			children = (
				50349B981F3D6602006D4528 /* SearchCollectionViewController.swift */,
				50E949D220F7477A00F18423 /* LazyLoadCollectionViewController.swift */,
				5065A8AF1F26FDCF007B42DC /* ApiCallViewController.swift */,
				5065A8B31F271057007B42DC /* TestTableTableViewController.swift */,
				5058F9C11F23579E006F1E3B /* VKStartScreenVC.swift */,
				5058F9C51F2357FA006F1E3B /* mainVC.swift */,
				5058F9C01F23579E006F1E3B /* UIViewControllerExtensions.swift */,
			);
			name = Controllers;
			sourceTree = "<group>";
		};
		50349B9B1F3D666E006D4528 /* Model */ = {
			isa = PBXGroup;
			children = (
				50E949D020F7475400F18423 /* ImageManager.swift */,
				50E949D620F74BFA00F18423 /* ImagesAndTextsModel.swift */,
				50F318181F359CB300F42F2A /* UsersInfo.swift */,
				505A53E41F2D996000D12323 /* User.swift */,
				509E41A31F29EA48001BA998 /* ConstantsStruct.swift */,
				5048721420F84BBE00C70950 /* json_example */,
			);
			name = Model;
			sourceTree = "<group>";
		};
		50CBF7371F2342550088CF3D = {
			isa = PBXGroup;
			children = (
				50CBF7421F2342550088CF3D /* vk6042041 */,
				50CBF7411F2342550088CF3D /* Products */,
				2A01FA5F24F1B5A86FFABDF6 /* Pods */,
				5A2F16FAD52C107CD49638CC /* Frameworks */,
			);
			sourceTree = "<group>";
		};
		50CBF7411F2342550088CF3D /* Products */ = {
			isa = PBXGroup;
			children = (
				50CBF7401F2342550088CF3D /* vk6042041.app */,
			);
			name = Products;
			sourceTree = "<group>";
		};
		50CBF7421F2342550088CF3D /* vk6042041 */ = {
			isa = PBXGroup;
			children = (
				50349B9B1F3D666E006D4528 /* Model */,
				50349B9A1F3D6627006D4528 /* Controllers */,
				50E949CF20F7471C00F18423 /* App & Resources */,
				50E949CE20F746ED00F18423 /* Storyboards & Views */,
				5005E1F31F4460EC00831C99 /* Layout */,
				5058F9BF1F23579E006F1E3B /* GlobalConstantsForObjCAndSwift.swift */,
			);
			path = vk6042041;
			sourceTree = "<group>";
		};
		50E949CE20F746ED00F18423 /* Storyboards & Views */ = {
			isa = PBXGroup;
			children = (
				50CBF7471F2342550088CF3D /* Main.storyboard */,
				50CBF74C1F2342550088CF3D /* LaunchScreen.storyboard */,
			);
			name = "Storyboards & Views";
			sourceTree = "<group>";
		};
		50E949CF20F7471C00F18423 /* App & Resources */ = {
			isa = PBXGroup;
			children = (
				50CBF7431F2342550088CF3D /* AppDelegate.swift */,
				50CBF74A1F2342550088CF3D /* Assets.xcassets */,
				50CBF74F1F2342550088CF3D /* Info.plist */,
			);
			name = "App & Resources";
			sourceTree = "<group>";
		};
		5A2F16FAD52C107CD49638CC /* Frameworks */ = {
			isa = PBXGroup;
			children = (
				2F0EDC9040E46BB6644BF48F /* Pods_vk6042041.framework */,
			);
			name = Frameworks;
			sourceTree = "<group>";
		};
/* End PBXGroup section */

/* Begin PBXNativeTarget section */
		50CBF73F1F2342550088CF3D /* vk6042041 */ = {
			isa = PBXNativeTarget;
			buildConfigurationList = 50CBF7521F2342550088CF3D /* Build configuration list for PBXNativeTarget "vk6042041" */;
			buildPhases = (
				28E856A22C3211742EDCC60A /* [CP] Check Pods Manifest.lock */,
				50CBF73C1F2342550088CF3D /* Sources */,
				50CBF73D1F2342550088CF3D /* Frameworks */,
				50CBF73E1F2342550088CF3D /* Resources */,
				4524F94BDC1AC6B2975895D5 /* [CP] Embed Pods Frameworks */,
				B755D23D64EE4E84C7191699 /* [CP] Copy Pods Resources */,
			);
			buildRules = (
			);
			dependencies = (
			);
			name = vk6042041;
			productName = vk6042041;
			productReference = 50CBF7401F2342550088CF3D /* vk6042041.app */;
			productType = "com.apple.product-type.application";
		};
/* End PBXNativeTarget section */

/* Begin PBXProject section */
		50CBF7381F2342550088CF3D /* Project object */ = {
			isa = PBXProject;
			attributes = {
				LastSwiftUpdateCheck = 0830;
				LastUpgradeCheck = 0830;
				ORGANIZATIONNAME = "Vladimir Filippov";
				TargetAttributes = {
					50CBF73F1F2342550088CF3D = {
						CreatedOnToolsVersion = 8.3.3;
						DevelopmentTeam = AS66A3Q49J;
						ProvisioningStyle = Automatic;
					};
				};
			};
			buildConfigurationList = 50CBF73B1F2342550088CF3D /* Build configuration list for PBXProject "vk6042041" */;
			compatibilityVersion = "Xcode 3.2";
			developmentRegion = English;
			hasScannedForEncodings = 0;
			knownRegions = (
				en,
				Base,
			);
			mainGroup = 50CBF7371F2342550088CF3D;
			productRefGroup = 50CBF7411F2342550088CF3D /* Products */;
			projectDirPath = "";
			projectRoot = "";
			targets = (
				50CBF73F1F2342550088CF3D /* vk6042041 */,
			);
		};
/* End PBXProject section */

/* Begin PBXResourcesBuildPhase section */
		50CBF73E1F2342550088CF3D /* Resources */ = {
			isa = PBXResourcesBuildPhase;
			buildActionMask = 2147483647;
			files = (
				50CBF74E1F2342550088CF3D /* LaunchScreen.storyboard in Resources */,
				5048721520F84BBE00C70950 /* json_example in Resources */,
				50CBF74B1F2342550088CF3D /* Assets.xcassets in Resources */,
				50CBF7491F2342550088CF3D /* Main.storyboard in Resources */,
			);
			runOnlyForDeploymentPostprocessing = 0;
		};
/* End PBXResourcesBuildPhase section */

/* Begin PBXShellScriptBuildPhase section */
		28E856A22C3211742EDCC60A /* [CP] Check Pods Manifest.lock */ = {
			isa = PBXShellScriptBuildPhase;
			buildActionMask = 2147483647;
			files = (
			);
			inputPaths = (
			);
			name = "[CP] Check Pods Manifest.lock";
			outputPaths = (
			);
			runOnlyForDeploymentPostprocessing = 0;
			shellPath = /bin/sh;
			shellScript = "diff \"${PODS_PODFILE_DIR_PATH}/Podfile.lock\" \"${PODS_ROOT}/Manifest.lock\" > /dev/null\nif [ $? != 0 ] ; then\n    # print error to STDERR\n    echo \"error: The sandbox is not in sync with the Podfile.lock. Run 'pod install' or update your CocoaPods installation.\" >&2\n    exit 1\nfi\n";
			showEnvVarsInLog = 0;
		};
		4524F94BDC1AC6B2975895D5 /* [CP] Embed Pods Frameworks */ = {
			isa = PBXShellScriptBuildPhase;
			buildActionMask = 2147483647;
			files = (
			);
			inputPaths = (
			);
			name = "[CP] Embed Pods Frameworks";
			outputPaths = (
			);
			runOnlyForDeploymentPostprocessing = 0;
			shellPath = /bin/sh;
			shellScript = "\"${SRCROOT}/Pods/Target Support Files/Pods-vk6042041/Pods-vk6042041-frameworks.sh\"\n";
			showEnvVarsInLog = 0;
		};
		B755D23D64EE4E84C7191699 /* [CP] Copy Pods Resources */ = {
			isa = PBXShellScriptBuildPhase;
			buildActionMask = 2147483647;
			files = (
			);
			inputPaths = (
			);
			name = "[CP] Copy Pods Resources";
			outputPaths = (
			);
			runOnlyForDeploymentPostprocessing = 0;
			shellPath = /bin/sh;
			shellScript = "\"${SRCROOT}/Pods/Target Support Files/Pods-vk6042041/Pods-vk6042041-resources.sh\"\n";
			showEnvVarsInLog = 0;
		};
/* End PBXShellScriptBuildPhase section */

/* Begin PBXSourcesBuildPhase section */
		50CBF73C1F2342550088CF3D /* Sources */ = {
			isa = PBXSourcesBuildPhase;
			buildActionMask = 2147483647;
			files = (
				50349B991F3D6602006D4528 /* SearchCollectionViewController.swift in Sources */,
				50F318191F359CB300F42F2A /* UsersInfo.swift in Sources */,
				5058F9C31F23579E006F1E3B /* UIViewControllerExtensions.swift in Sources */,
				5058F9C41F23579E006F1E3B /* VKStartScreenVC.swift in Sources */,
				509E41A41F29EA48001BA998 /* ConstantsStruct.swift in Sources */,
				5058F9C21F23579E006F1E3B /* GlobalConstantsForObjCAndSwift.swift in Sources */,
				5065A8B41F271057007B42DC /* TestTableTableViewController.swift in Sources */,
				505A53E51F2D996000D12323 /* User.swift in Sources */,
				50E097CC1F4ADB1800B05A50 /* FoundUserCollectionViewCell.swift in Sources */,
				5065A8B01F26FDCF007B42DC /* ApiCallViewController.swift in Sources */,
				50E949D720F74BFA00F18423 /* ImagesAndTextsModel.swift in Sources */,
				50E949D320F7477A00F18423 /* LazyLoadCollectionViewController.swift in Sources */,
				50CBF7441F2342550088CF3D /* AppDelegate.swift in Sources */,
				5058F9C61F2357FA006F1E3B /* mainVC.swift in Sources */,
				50E949D120F7475400F18423 /* ImageManager.swift in Sources */,
			);
			runOnlyForDeploymentPostprocessing = 0;
		};
/* End PBXSourcesBuildPhase section */

/* Begin PBXVariantGroup section */
		50CBF7471F2342550088CF3D /* Main.storyboard */ = {
			isa = PBXVariantGroup;
			children = (
				50CBF7481F2342550088CF3D /* Base */,
			);
			name = Main.storyboard;
			sourceTree = "<group>";
		};
		50CBF74C1F2342550088CF3D /* LaunchScreen.storyboard */ = {
			isa = PBXVariantGroup;
			children = (
				50CBF74D1F2342550088CF3D /* Base */,
			);
			name = LaunchScreen.storyboard;
			sourceTree = "<group>";
		};
/* End PBXVariantGroup section */

/* Begin XCBuildConfiguration section */
		50CBF7501F2342550088CF3D /* Debug */ = {
			isa = XCBuildConfiguration;
			buildSettings = {
				ALWAYS_SEARCH_USER_PATHS = NO;
				CLANG_ANALYZER_NONNULL = YES;
				CLANG_ANALYZER_NUMBER_OBJECT_CONVERSION = YES_AGGRESSIVE;
				CLANG_CXX_LANGUAGE_STANDARD = "gnu++0x";
				CLANG_CXX_LIBRARY = "libc++";
				CLANG_ENABLE_MODULES = YES;
				CLANG_ENABLE_OBJC_ARC = YES;
				CLANG_WARN_BOOL_CONVERSION = YES;
				CLANG_WARN_CONSTANT_CONVERSION = YES;
				CLANG_WARN_DIRECT_OBJC_ISA_USAGE = YES_ERROR;
				CLANG_WARN_DOCUMENTATION_COMMENTS = YES;
				CLANG_WARN_EMPTY_BODY = YES;
				CLANG_WARN_ENUM_CONVERSION = YES;
				CLANG_WARN_INFINITE_RECURSION = YES;
				CLANG_WARN_INT_CONVERSION = YES;
				CLANG_WARN_OBJC_ROOT_CLASS = YES_ERROR;
				CLANG_WARN_SUSPICIOUS_MOVE = YES;
				CLANG_WARN_UNREACHABLE_CODE = YES;
				CLANG_WARN__DUPLICATE_METHOD_MATCH = YES;
				"CODE_SIGN_IDENTITY[sdk=iphoneos*]" = "iPhone Developer";
				COPY_PHASE_STRIP = NO;
				DEBUG_INFORMATION_FORMAT = dwarf;
				ENABLE_STRICT_OBJC_MSGSEND = YES;
				ENABLE_TESTABILITY = YES;
				GCC_C_LANGUAGE_STANDARD = gnu99;
				GCC_DYNAMIC_NO_PIC = NO;
				GCC_NO_COMMON_BLOCKS = YES;
				GCC_OPTIMIZATION_LEVEL = 0;
				GCC_PREPROCESSOR_DEFINITIONS = (
					"DEBUG=1",
					"$(inherited)",
				);
				GCC_WARN_64_TO_32_BIT_CONVERSION = YES;
				GCC_WARN_ABOUT_RETURN_TYPE = YES_ERROR;
				GCC_WARN_UNDECLARED_SELECTOR = YES;
				GCC_WARN_UNINITIALIZED_AUTOS = YES_AGGRESSIVE;
				GCC_WARN_UNUSED_FUNCTION = YES;
				GCC_WARN_UNUSED_VARIABLE = YES;
				IPHONEOS_DEPLOYMENT_TARGET = 11.4;
				MTL_ENABLE_DEBUG_INFO = YES;
				ONLY_ACTIVE_ARCH = YES;
				SDKROOT = iphoneos;
				SWIFT_ACTIVE_COMPILATION_CONDITIONS = DEBUG;
				SWIFT_OPTIMIZATION_LEVEL = "-Onone";
				TARGETED_DEVICE_FAMILY = "1,2";
			};
			name = Debug;
		};
		50CBF7511F2342550088CF3D /* Release */ = {
			isa = XCBuildConfiguration;
			buildSettings = {
				ALWAYS_SEARCH_USER_PATHS = NO;
				CLANG_ANALYZER_NONNULL = YES;
				CLANG_ANALYZER_NUMBER_OBJECT_CONVERSION = YES_AGGRESSIVE;
				CLANG_CXX_LANGUAGE_STANDARD = "gnu++0x";
				CLANG_CXX_LIBRARY = "libc++";
				CLANG_ENABLE_MODULES = YES;
				CLANG_ENABLE_OBJC_ARC = YES;
				CLANG_WARN_BOOL_CONVERSION = YES;
				CLANG_WARN_CONSTANT_CONVERSION = YES;
				CLANG_WARN_DIRECT_OBJC_ISA_USAGE = YES_ERROR;
				CLANG_WARN_DOCUMENTATION_COMMENTS = YES;
				CLANG_WARN_EMPTY_BODY = YES;
				CLANG_WARN_ENUM_CONVERSION = YES;
				CLANG_WARN_INFINITE_RECURSION = YES;
				CLANG_WARN_INT_CONVERSION = YES;
				CLANG_WARN_OBJC_ROOT_CLASS = YES_ERROR;
				CLANG_WARN_SUSPICIOUS_MOVE = YES;
				CLANG_WARN_UNREACHABLE_CODE = YES;
				CLANG_WARN__DUPLICATE_METHOD_MATCH = YES;
				"CODE_SIGN_IDENTITY[sdk=iphoneos*]" = "iPhone Developer";
				COPY_PHASE_STRIP = NO;
				DEBUG_INFORMATION_FORMAT = "dwarf-with-dsym";
				ENABLE_NS_ASSERTIONS = NO;
				ENABLE_STRICT_OBJC_MSGSEND = YES;
				GCC_C_LANGUAGE_STANDARD = gnu99;
				GCC_NO_COMMON_BLOCKS = YES;
				GCC_WARN_64_TO_32_BIT_CONVERSION = YES;
				GCC_WARN_ABOUT_RETURN_TYPE = YES_ERROR;
				GCC_WARN_UNDECLARED_SELECTOR = YES;
				GCC_WARN_UNINITIALIZED_AUTOS = YES_AGGRESSIVE;
				GCC_WARN_UNUSED_FUNCTION = YES;
				GCC_WARN_UNUSED_VARIABLE = YES;
				IPHONEOS_DEPLOYMENT_TARGET = 11.4;
				MTL_ENABLE_DEBUG_INFO = NO;
				SDKROOT = iphoneos;
				SWIFT_OPTIMIZATION_LEVEL = "-Owholemodule";
				TARGETED_DEVICE_FAMILY = "1,2";
				VALIDATE_PRODUCT = YES;
			};
			name = Release;
		};
		50CBF7531F2342550088CF3D /* Debug */ = {
			isa = XCBuildConfiguration;
			baseConfigurationReference = 4F3B9CF9B776F0A972E70C15 /* Pods-vk6042041.debug.xcconfig */;
			buildSettings = {
				ASSETCATALOG_COMPILER_APPICON_NAME = AppIcon;
				DEVELOPMENT_TEAM = AS66A3Q49J;
				INFOPLIST_FILE = vk6042041/Info.plist;
				IPHONEOS_DEPLOYMENT_TARGET = 11.4;
				LD_RUNPATH_SEARCH_PATHS = "$(inherited) @executable_path/Frameworks";
				PRODUCT_BUNDLE_IDENTIFIER = com.vk.vk6042041;
				PRODUCT_NAME = "$(TARGET_NAME)";
				SWIFT_VERSION = 3.0;
			};
			name = Debug;
		};
		50CBF7541F2342550088CF3D /* Release */ = {
			isa = XCBuildConfiguration;
			baseConfigurationReference = 1B69F39E6691DB4A856375D8 /* Pods-vk6042041.release.xcconfig */;
			buildSettings = {
				ASSETCATALOG_COMPILER_APPICON_NAME = AppIcon;
				DEVELOPMENT_TEAM = AS66A3Q49J;
				INFOPLIST_FILE = vk6042041/Info.plist;
				IPHONEOS_DEPLOYMENT_TARGET = 11.4;
				LD_RUNPATH_SEARCH_PATHS = "$(inherited) @executable_path/Frameworks";
				PRODUCT_BUNDLE_IDENTIFIER = com.vk.vk6042041;
				PRODUCT_NAME = "$(TARGET_NAME)";
				SWIFT_VERSION = 3.0;
			};
			name = Release;
		};
/* End XCBuildConfiguration section */

/* Begin XCConfigurationList section */
		50CBF73B1F2342550088CF3D /* Build configuration list for PBXProject "vk6042041" */ = {
			isa = XCConfigurationList;
			buildConfigurations = (
				50CBF7501F2342550088CF3D /* Debug */,
				50CBF7511F2342550088CF3D /* Release */,
			);
			defaultConfigurationIsVisible = 0;
			defaultConfigurationName = Debug;
		};
		50CBF7521F2342550088CF3D /* Build configuration list for PBXNativeTarget "vk6042041" */ = {
			isa = XCConfigurationList;
			buildConfigurations = (
				50CBF7531F2342550088CF3D /* Debug */,
				50CBF7541F2342550088CF3D /* Release */,
			);
			defaultConfigurationIsVisible = 0;
			defaultConfigurationName = Debug;
		};
/* End XCConfigurationList section */
	};
	rootObject = 50CBF7381F2342550088CF3D /* Project object */;
}
